
Microsoft Visual Studio Solution File, Format Version 12.00
# Visual Studio Version 17
VisualStudioVersion = 17.3.32901.215
MinimumVisualStudioVersion = 10.0.40219.1
Project("{FAE04EC0-301F-11D3-BF4B-00C04F79EFBC}") = "Queu • 96", "Queu • 96\Queu • 96.csproj", "{BA52320D-C698-4F98-8EFE-F950770D8751}"
EndProject
Global
	GlobalSection(SolutionConfigurationPlatforms) = preSolution
		Debug|Any CPU = Debug|Any CPU
		Release|Any CPU = Release|Any CPU
	EndGlobalSection
	GlobalSection(ProjectConfigurationPlatforms) = postSolution
		{BA52320D-C698-4F98-8EFE-F950770D8751}.Debug|Any CPU.ActiveCfg = Debug|Any CPU
		{BA52320D-C698-4F98-8EFE-F950770D8751}.Debug|Any CPU.Build.0 = Debug|Any CPU
		{BA52320D-C698-4F98-8EFE-F950770D8751}.Release|Any CPU.ActiveCfg = Release|Any CPU
		{BA52320D-C698-4F98-8EFE-F950770D8751}.Release|Any CPU.Build.0 = Release|Any CPU
	EndGlobalSection
	GlobalSection(SolutionProperties) = preSolution
		HideSolutionNode = FALSE
	EndGlobalSection
	GlobalSection(ExtensibilityGlobals) = postSolution
		SolutionGuid = {4BBFAD06-368D-4256-9B98-7120E9E0CFB5}
	EndGlobalSection
EndGlobal
